
Microsoft Visual Studio Solution File, Format Version 12.00
# Visual Studio Version 17
VisualStudioVersion = 17.13.35818.85 d17.13
MinimumVisualStudioVersion = 10.0.40219.1
Project("{888888A0-9F3D-457C-B088-3A5042F75D52}") = "Football Analytics", "Football Analytics\Football Analytics.pyproj", "{0F197A80-69AE-4497-8D25-AF2BE13728E1}"
EndProject
Global
	GlobalSection(SolutionConfigurationPlatforms) = preSolution
		Debug|Any CPU = Debug|Any CPU
		Release|Any CPU = Release|Any CPU
	EndGlobalSection
	GlobalSection(ProjectConfigurationPlatforms) = postSolution
		{0F197A80-69AE-4497-8D25-AF2BE13728E1}.Debug|Any CPU.ActiveCfg = Debug|Any CPU
		{0F197A80-69AE-4497-8D25-AF2BE13728E1}.Release|Any CPU.ActiveCfg = Release|Any CPU
	EndGlobalSection
	GlobalSection(SolutionProperties) = preSolution
		HideSolutionNode = FALSE
	EndGlobalSection
	GlobalSection(ExtensibilityGlobals) = postSolution
		SolutionGuid = {45B6CCC6-F8E2-47D9-A2C5-992A9CA0D2BF}
	EndGlobalSection
EndGlobal
